{
  "name": "first-app",
  "version": "1.0.0",
  "lockfileVersion": 1,
  "requires": true,
  "dependencies": {
    "json-table-converter": {
      "version": "0.3.0",
      "resolved": "https://registry.npmjs.org/json-table-converter/-/json-table-converter-0.3.0.tgz",
      "integrity": "sha512-wdt3+uB9t9qqA7KX/04GgtNkMh/YMK3t4wHPQjTxHKuS2t3jiyDdhXh/vitBoBgN63N/AjoDAe4M/IaJRbxOtQ=="
    }
  }
}
